
Microsoft Visual Studio Solution File, Format Version 12.00
# Visual Studio Version 17
VisualStudioVersion = 17.0.32112.339
MinimumVisualStudioVersion = 10.0.40219.1
Project("{FAE04EC0-301F-11D3-BF4B-00C04F79EFBC}") = "MU6 Management App.Android", "MU6 Management App\MU6 Management App.Android\MU6 Management App.Android.csproj", "{9AA1E126-9F60-4477-8590-21B164745366}"
EndProject
Project("{FAE04EC0-301F-11D3-BF4B-00C04F79EFBC}") = "MU6 Management App.iOS", "MU6 Management App\MU6 Management App.iOS\MU6 Management App.iOS.csproj", "{0C5FE577-B543-47C6-9237-67D6E5F17CC2}"
EndProject
Project("{FAE04EC0-301F-11D3-BF4B-00C04F79EFBC}") = "MU6 Management App", "MU6 Management App\MU6 Management App\MU6 Management App.csproj", "{1415272C-64AB-4E1E-AFDA-0DA79819DDFE}"
EndProject
Global
	GlobalSection(SolutionConfigurationPlatforms) = preSolution
		Debug|Any CPU = Debug|Any CPU
		Debug|iPhone = Debug|iPhone
		Debug|iPhoneSimulator = Debug|iPhoneSimulator
		Release|Any CPU = Release|Any CPU
		Release|iPhone = Release|iPhone
		Release|iPhoneSimulator = Release|iPhoneSimulator
	EndGlobalSection
	GlobalSection(ProjectConfigurationPlatforms) = postSolution
		{9AA1E126-9F60-4477-8590-21B164745366}.Debug|Any CPU.ActiveCfg = Debug|Any CPU
		{9AA1E126-9F60-4477-8590-21B164745366}.Debug|Any CPU.Build.0 = Debug|Any CPU
		{9AA1E126-9F60-4477-8590-21B164745366}.Debug|Any CPU.Deploy.0 = Debug|Any CPU
		{9AA1E126-9F60-4477-8590-21B164745366}.Debug|iPhone.ActiveCfg = Debug|Any CPU
		{9AA1E126-9F60-4477-8590-21B164745366}.Debug|iPhone.Build.0 = Debug|Any CPU
		{9AA1E126-9F60-4477-8590-21B164745366}.Debug|iPhone.Deploy.0 = Debug|Any CPU
		{9AA1E126-9F60-4477-8590-21B164745366}.Debug|iPhoneSimulator.ActiveCfg = Debug|Any CPU
		{9AA1E126-9F60-4477-8590-21B164745366}.Debug|iPhoneSimulator.Build.0 = Debug|Any CPU
		{9AA1E126-9F60-4477-8590-21B164745366}.Debug|iPhoneSimulator.Deploy.0 = Debug|Any CPU
		{9AA1E126-9F60-4477-8590-21B164745366}.Release|Any CPU.ActiveCfg = Release|Any CPU
		{9AA1E126-9F60-4477-8590-21B164745366}.Release|Any CPU.Build.0 = Release|Any CPU
		{9AA1E126-9F60-4477-8590-21B164745366}.Release|Any CPU.Deploy.0 = Release|Any CPU
		{9AA1E126-9F60-4477-8590-21B164745366}.Release|iPhone.ActiveCfg = Release|Any CPU
		{9AA1E126-9F60-4477-8590-21B164745366}.Release|iPhone.Build.0 = Release|Any CPU
		{9AA1E126-9F60-4477-8590-21B164745366}.Release|iPhone.Deploy.0 = Release|Any CPU
		{9AA1E126-9F60-4477-8590-21B164745366}.Release|iPhoneSimulator.ActiveCfg = Release|Any CPU
		{9AA1E126-9F60-4477-8590-21B164745366}.Release|iPhoneSimulator.Build.0 = Release|Any CPU
		{9AA1E126-9F60-4477-8590-21B164745366}.Release|iPhoneSimulator.Deploy.0 = Release|Any CPU
		{0C5FE577-B543-47C6-9237-67D6E5F17CC2}.Debug|Any CPU.ActiveCfg = Debug|iPhone
		{0C5FE577-B543-47C6-9237-67D6E5F17CC2}.Debug|Any CPU.Build.0 = Debug|iPhone
		{0C5FE577-B543-47C6-9237-67D6E5F17CC2}.Debug|Any CPU.Deploy.0 = Debug|iPhone
		{0C5FE577-B543-47C6-9237-67D6E5F17CC2}.Debug|iPhone.ActiveCfg = Debug|iPhone
		{0C5FE577-B543-47C6-9237-67D6E5F17CC2}.Debug|iPhone.Build.0 = Debug|iPhone
		{0C5FE577-B543-47C6-9237-67D6E5F17CC2}.Debug|iPhone.Deploy.0 = Debug|iPhone
		{0C5FE577-B543-47C6-9237-67D6E5F17CC2}.Debug|iPhoneSimulator.ActiveCfg = Debug|iPhoneSimulator
		{0C5FE577-B543-47C6-9237-67D6E5F17CC2}.Debug|iPhoneSimulator.Build.0 = Debug|iPhoneSimulator
		{0C5FE577-B543-47C6-9237-67D6E5F17CC2}.Debug|iPhoneSimulator.Deploy.0 = Debug|iPhoneSimulator
		{0C5FE577-B543-47C6-9237-67D6E5F17CC2}.Release|Any CPU.ActiveCfg = Release|iPhoneSimulator
		{0C5FE577-B543-47C6-9237-67D6E5F17CC2}.Release|Any CPU.Build.0 = Release|iPhoneSimulator
		{0C5FE577-B543-47C6-9237-67D6E5F17CC2}.Release|Any CPU.Deploy.0 = Release|iPhoneSimulator
		{0C5FE577-B543-47C6-9237-67D6E5F17CC2}.Release|iPhone.ActiveCfg = Release|iPhone
		{0C5FE577-B543-47C6-9237-67D6E5F17CC2}.Release|iPhone.Build.0 = Release|iPhone
		{0C5FE577-B543-47C6-9237-67D6E5F17CC2}.Release|iPhone.Deploy.0 = Release|iPhone
		{0C5FE577-B543-47C6-9237-67D6E5F17CC2}.Release|iPhoneSimulator.ActiveCfg = Release|iPhoneSimulator
		{0C5FE577-B543-47C6-9237-67D6E5F17CC2}.Release|iPhoneSimulator.Build.0 = Release|iPhoneSimulator
		{0C5FE577-B543-47C6-9237-67D6E5F17CC2}.Release|iPhoneSimulator.Deploy.0 = Release|iPhoneSimulator
		{1415272C-64AB-4E1E-AFDA-0DA79819DDFE}.Debug|Any CPU.ActiveCfg = Debug|Any CPU
		{1415272C-64AB-4E1E-AFDA-0DA79819DDFE}.Debug|Any CPU.Build.0 = Debug|Any CPU
		{1415272C-64AB-4E1E-AFDA-0DA79819DDFE}.Debug|Any CPU.Deploy.0 = Debug|Any CPU
		{1415272C-64AB-4E1E-AFDA-0DA79819DDFE}.Debug|iPhone.ActiveCfg = Debug|Any CPU
		{1415272C-64AB-4E1E-AFDA-0DA79819DDFE}.Debug|iPhone.Build.0 = Debug|Any CPU
		{1415272C-64AB-4E1E-AFDA-0DA79819DDFE}.Debug|iPhone.Deploy.0 = Debug|Any CPU
		{1415272C-64AB-4E1E-AFDA-0DA79819DDFE}.Debug|iPhoneSimulator.ActiveCfg = Debug|Any CPU
		{1415272C-64AB-4E1E-AFDA-0DA79819DDFE}.Debug|iPhoneSimulator.Build.0 = Debug|Any CPU
		{1415272C-64AB-4E1E-AFDA-0DA79819DDFE}.Debug|iPhoneSimulator.Deploy.0 = Debug|Any CPU
		{1415272C-64AB-4E1E-AFDA-0DA79819DDFE}.Release|Any CPU.ActiveCfg = Release|Any CPU
		{1415272C-64AB-4E1E-AFDA-0DA79819DDFE}.Release|Any CPU.Build.0 = Release|Any CPU
		{1415272C-64AB-4E1E-AFDA-0DA79819DDFE}.Release|Any CPU.Deploy.0 = Release|Any CPU
		{1415272C-64AB-4E1E-AFDA-0DA79819DDFE}.Release|iPhone.ActiveCfg = Release|Any CPU
		{1415272C-64AB-4E1E-AFDA-0DA79819DDFE}.Release|iPhone.Build.0 = Release|Any CPU
		{1415272C-64AB-4E1E-AFDA-0DA79819DDFE}.Release|iPhone.Deploy.0 = Release|Any CPU
		{1415272C-64AB-4E1E-AFDA-0DA79819DDFE}.Release|iPhoneSimulator.ActiveCfg = Release|Any CPU
		{1415272C-64AB-4E1E-AFDA-0DA79819DDFE}.Release|iPhoneSimulator.Build.0 = Release|Any CPU
		{1415272C-64AB-4E1E-AFDA-0DA79819DDFE}.Release|iPhoneSimulator.Deploy.0 = Release|Any CPU
	EndGlobalSection
	GlobalSection(SolutionProperties) = preSolution
		HideSolutionNode = FALSE
	EndGlobalSection
	GlobalSection(ExtensibilityGlobals) = postSolution
		SolutionGuid = {299482C1-5B87-438F-80FF-F2F04A11D389}
	EndGlobalSection
EndGlobal
